
Microsoft Visual Studio Solution File, Format Version 12.00
# Visual Studio Version 17
VisualStudioVersion = 17.9.34728.123
MinimumVisualStudioVersion = 10.0.40219.1
Project("{8BC9CEB8-8B4A-11D0-8D11-00A0C91BC942}") = "Metodos", "Metodos\Metodos.vcxproj", "{FA8B40B8-57B6-4027-B80B-311A629C014A}"
EndProject
Project("{8BC9CEB8-8B4A-11D0-8D11-00A0C91BC942}") = "testTemp", "testTemp\testTemp.vcxproj", "{ABADB9BD-2D04-431A-B128-3F01C509FCE6}"
EndProject
Global
	GlobalSection(SolutionConfigurationPlatforms) = preSolution
		Debug|x64 = Debug|x64
		Debug|x86 = Debug|x86
		Release|x64 = Release|x64
		Release|x86 = Release|x86
	EndGlobalSection
	GlobalSection(ProjectConfigurationPlatforms) = postSolution
		{FA8B40B8-57B6-4027-B80B-311A629C014A}.Debug|x64.ActiveCfg = Debug|x64
		{FA8B40B8-57B6-4027-B80B-311A629C014A}.Debug|x64.Build.0 = Debug|x64
		{FA8B40B8-57B6-4027-B80B-311A629C014A}.Debug|x86.ActiveCfg = Debug|Win32
		{FA8B40B8-57B6-4027-B80B-311A629C014A}.Debug|x86.Build.0 = Debug|Win32
		{FA8B40B8-57B6-4027-B80B-311A629C014A}.Release|x64.ActiveCfg = Release|x64
		{FA8B40B8-57B6-4027-B80B-311A629C014A}.Release|x64.Build.0 = Release|x64
		{FA8B40B8-57B6-4027-B80B-311A629C014A}.Release|x86.ActiveCfg = Release|Win32
		{FA8B40B8-57B6-4027-B80B-311A629C014A}.Release|x86.Build.0 = Release|Win32
		{ABADB9BD-2D04-431A-B128-3F01C509FCE6}.Debug|x64.ActiveCfg = Debug|x64
		{ABADB9BD-2D04-431A-B128-3F01C509FCE6}.Debug|x64.Build.0 = Debug|x64
		{ABADB9BD-2D04-431A-B128-3F01C509FCE6}.Debug|x86.ActiveCfg = Debug|Win32
		{ABADB9BD-2D04-431A-B128-3F01C509FCE6}.Debug|x86.Build.0 = Debug|Win32
		{ABADB9BD-2D04-431A-B128-3F01C509FCE6}.Release|x64.ActiveCfg = Release|x64
		{ABADB9BD-2D04-431A-B128-3F01C509FCE6}.Release|x64.Build.0 = Release|x64
		{ABADB9BD-2D04-431A-B128-3F01C509FCE6}.Release|x86.ActiveCfg = Release|Win32
		{ABADB9BD-2D04-431A-B128-3F01C509FCE6}.Release|x86.Build.0 = Release|Win32
	EndGlobalSection
	GlobalSection(SolutionProperties) = preSolution
		HideSolutionNode = FALSE
	EndGlobalSection
	GlobalSection(ExtensibilityGlobals) = postSolution
		SolutionGuid = {5A656B7E-80E4-4F3D-827E-48044250CFA0}
	EndGlobalSection
EndGlobal
