<?xml version="1.0" encoding="utf-8"?>
<Project ToolsVersion="4.0" xmlns="http://schemas.microsoft.com/developer/msbuild/2003">
  <ItemGroup>
    <ClCompile Include="main.cpp">
      <Filter>src</Filter>
    </ClCompile>
    <ClCompile Include="Application.cpp">
      <Filter>src</Filter>
    </ClCompile>
    <ClCompile Include="sensor.cpp">
      <Filter>src</Filter>
    </ClCompile>
    <ClCompile Include="gas_system.cpp">
      <Filter>src</Filter>
    </ClCompile>
    <ClCompile Include="gui.cpp">
      <Filter>src</Filter>
    </ClCompile>
  </ItemGroup>
  <ItemGroup>
    <None Include="packages.config" />
  </ItemGroup>
  <ItemGroup>
    <Filter Include="src">
      <UniqueIdentifier>{957a8247-05b6-4ec4-b4fb-2290f453094f}</UniqueIdentifier>
    </Filter>
    <Filter Include="includers">
      <UniqueIdentifier>{852b69db-c4f8-4202-ab16-161da8d65668}</UniqueIdentifier>
    </Filter>
  </ItemGroup>
  <ItemGroup>
    <ClInclude Include="Application.hpp">
      <Filter>includers</Filter>
    </ClInclude>
    <ClInclude Include="sensor.hpp">
      <Filter>includers</Filter>
    </ClInclude>
    <ClInclude Include="gas_system.hpp">
      <Filter>includers</Filter>
    </ClInclude>
    <ClInclude Include="gui.hpp">
      <Filter>includers</Filter>
    </ClInclude>
  </ItemGroup>
</Project>